FORGE
  remote: http://forge.puppetlabs.com
  specs:
    darin/zypprepo (1.0.1)
    example42/puppi (2.1.9)
    maestrodev/wget (1.4.4)
    puppetlabs/apt (1.5.0)
      puppetlabs/stdlib (>= 2.2.1)
    puppetlabs/java (1.1.1)
      puppetlabs/stdlib (>= 0.1.6)
    puppetlabs/mongodb (0.8.0)
      puppetlabs/apt (>= 1.0.0)
      puppetlabs/stdlib (>= 2.2.0)
    puppetlabs/stdlib (4.2.2)
    rtyler/jenkins (1.1.0)
      darin/zypprepo (>= 1.0.1)
      puppetlabs/apt (>= 0.0.3)
      puppetlabs/java (>= 1.0.1)
      puppetlabs/stdlib (>= 2.0.0)

GIT
  remote: https://github.com/andrewtarry/puppet-apache.git
  ref: master
  sha: 014a8755aa1a4750398d827b8b865750611384a3
  specs:
    example42/apache (2.1.5)
      example42/puppi (>= 2.0.0)

GIT
  remote: https://github.com/example42/puppet-git.git
  ref: master
  sha: 3e89090ac0bf6bf2d0cff19e237e9fd824c986f2
  specs:
    example42/git (2.0.15)
      example42/puppi (>= 2.0.0)
      puppetlabs/stdlib (>= 4.1.0)

GIT
  remote: https://github.com/example42/puppet-mysql.git
  ref: master
  sha: a894aef960b2a56dc4b68418d62d24ac22d5161a
  specs:
    example42/mysql (2.1.3)
      example42/puppi (>= 2.0.0)
      puppetlabs/stdlib (>= 2.0.0)

GIT
  remote: https://github.com/example42/puppet-ruby.git
  ref: master
  sha: 424c7261193502e4a3f1091b389d86dd900aa7dc
  specs:
    example42/ruby (2.0.13)
      example42/puppi (>= 2.0.0)

DEPENDENCIES
  example42/apache (>= 0)
  example42/git (>= 0)
  example42/mysql (>= 0)
  example42/ruby (>= 0)
  maestrodev/wget (>= 0)
  puppetlabs/apt (>= 0)
  puppetlabs/mongodb (>= 0)
  rtyler/jenkins (>= 0)

