FORGE
  remote: http://forge.puppetlabs.com
  specs:
    darin/zypprepo (1.0.1)
    example42/puppi (2.1.9)
    maestrodev/wget (1.3.2)
    puppetlabs/apt (1.4.2)
      puppetlabs/stdlib (>= 2.2.1)
    puppetlabs/java (1.1.0)
      puppetlabs/stdlib (>= 0.1.6)
    puppetlabs/stdlib (4.1.0)
    rtyler/jenkins (1.0.1)
      darin/zypprepo (>= 1.0.1)
      puppetlabs/apt (>= 0.0.3)
      puppetlabs/java (>= 1.0.1)
      puppetlabs/stdlib (>= 2.0.0)

GIT
  remote: https://github.com/andrewtarry/puppet-apache.git
  ref: master
  sha: cacccd3a93c4412da4e524c24b5b78225c156366
  specs:
    apache (2.1.5)
      example42/puppi (>= 2.0.0)

GIT
  remote: https://github.com/example42/puppet-mysql.git
  ref: master
  sha: b2d5fbc55452ee51abe50cee0405de0b7103d838
  specs:
    mysql (2.1.3)
      example42/puppi (>= 2.0.0)
      puppetlabs/stdlib (>= 2.0.0)

GIT
  remote: https://github.com/example42/puppet-ruby.git
  ref: master
  sha: 224c54fa5216892a5ed198c10786d6c948dc026c
  specs:
    ruby (2.0.13)
      example42/puppi (>= 2.0.0)

GIT
  remote: https://github.com/example42/puppet-vim.git
  ref: master
  sha: dd3eda16d11efffc33072a0f4541ee08607f068e
  specs:
    vim (2.0.12)
      example42/puppi (>= 2.0.0)

DEPENDENCIES
  apache (>= 0)
  maestrodev/wget (>= 0)
  mysql (>= 0)
  puppetlabs/apt (>= 0)
  puppetlabs/java (>= 0)
  rtyler/jenkins (>= 0)
  ruby (>= 0)
  vim (>= 0)

